// !$*UTF8*$!
{
	archiveVersion = 1;
	classes = {
	};
	objectVersion = 50;
	objects = {

/* Begin PBXBuildFile section */
		0E6BCA13CFE56A41154E44BF /* Pods_SleepTimer.framework in Frameworks */ = {isa = PBXBuildFile; fileRef = 257CFD592DE243409292C6BE /* Pods_SleepTimer.framework */; };
		BFBF4DFA20D35EEE009522C4 /* AppDelegate.swift in Sources */ = {isa = PBXBuildFile; fileRef = BFBF4DF920D35EEE009522C4 /* AppDelegate.swift */; };
		BFBF4DFC20D35EEE009522C4 /* ViewController.swift in Sources */ = {isa = PBXBuildFile; fileRef = BFBF4DFB20D35EEE009522C4 /* ViewController.swift */; };
		BFBF4DFF20D35EEE009522C4 /* Main.storyboard in Resources */ = {isa = PBXBuildFile; fileRef = BFBF4DFD20D35EEE009522C4 /* Main.storyboard */; };
		BFBF4E0120D35EF0009522C4 /* Assets.xcassets in Resources */ = {isa = PBXBuildFile; fileRef = BFBF4E0020D35EF0009522C4 /* Assets.xcassets */; };
		BFBF4E0420D35EF0009522C4 /* LaunchScreen.storyboard in Resources */ = {isa = PBXBuildFile; fileRef = BFBF4E0220D35EF0009522C4 /* LaunchScreen.storyboard */; };
/* End PBXBuildFile section */

/* Begin PBXFileReference section */
		1562429636D6C054510492BC /* Pods-SleepTimer.release.xcconfig */ = {isa = PBXFileReference; includeInIndex = 1; lastKnownFileType = text.xcconfig; name = "Pods-SleepTimer.release.xcconfig"; path = "Pods/Target Support Files/Pods-SleepTimer/Pods-SleepTimer.release.xcconfig"; sourceTree = "<group>"; };
		257CFD592DE243409292C6BE /* Pods_SleepTimer.framework */ = {isa = PBXFileReference; explicitFileType = wrapper.framework; includeInIndex = 0; path = Pods_SleepTimer.framework; sourceTree = BUILT_PRODUCTS_DIR; };
		BFBF4DF620D35EEE009522C4 /* SleepTimer.app */ = {isa = PBXFileReference; explicitFileType = wrapper.application; includeInIndex = 0; path = SleepTimer.app; sourceTree = BUILT_PRODUCTS_DIR; };
		BFBF4DF920D35EEE009522C4 /* AppDelegate.swift */ = {isa = PBXFileReference; lastKnownFileType = sourcecode.swift; path = AppDelegate.swift; sourceTree = "<group>"; };
		BFBF4DFB20D35EEE009522C4 /* ViewController.swift */ = {isa = PBXFileReference; lastKnownFileType = sourcecode.swift; path = ViewController.swift; sourceTree = "<group>"; };
		BFBF4DFE20D35EEE009522C4 /* Base */ = {isa = PBXFileReference; lastKnownFileType = file.storyboard; name = Base; path = Base.lproj/Main.storyboard; sourceTree = "<group>"; };
		BFBF4E0020D35EF0009522C4 /* Assets.xcassets */ = {isa = PBXFileReference; lastKnownFileType = folder.assetcatalog; path = Assets.xcassets; sourceTree = "<group>"; };
		BFBF4E0320D35EF0009522C4 /* Base */ = {isa = PBXFileReference; lastKnownFileType = file.storyboard; name = Base; path = Base.lproj/LaunchScreen.storyboard; sourceTree = "<group>"; };
		BFBF4E0520D35EF0009522C4 /* Info.plist */ = {isa = PBXFileReference; lastKnownFileType = text.plist.xml; path = Info.plist; sourceTree = "<group>"; };
		FF60F0F597EF88D17D116DFB /* Pods-SleepTimer.debug.xcconfig */ = {isa = PBXFileReference; includeInIndex = 1; lastKnownFileType = text.xcconfig; name = "Pods-SleepTimer.debug.xcconfig"; path = "Pods/Target Support Files/Pods-SleepTimer/Pods-SleepTimer.debug.xcconfig"; sourceTree = "<group>"; };
/* End PBXFileReference section */

/* Begin PBXFrameworksBuildPhase section */
		BFBF4DF320D35EEE009522C4 /* Frameworks */ = {
			isa = PBXFrameworksBuildPhase;
			buildActionMask = 2147483647;
			files = (
				0E6BCA13CFE56A41154E44BF /* Pods_SleepTimer.framework in Frameworks */,
			);
			runOnlyForDeploymentPostprocessing = 0;
		};
/* End PBXFrameworksBuildPhase section */

/* Begin PBXGroup section */
		185A6ACF86BD3F48A5E87B73 /* Frameworks */ = {
			isa = PBXGroup;
			children = (
				257CFD592DE243409292C6BE /* Pods_SleepTimer.framework */,
			);
			name = Frameworks;
			sourceTree = "<group>";
		};
		2B36A23DFEAD3BED7965048C /* Pods */ = {
			isa = PBXGroup;
			children = (
				FF60F0F597EF88D17D116DFB /* Pods-SleepTimer.debug.xcconfig */,
				1562429636D6C054510492BC /* Pods-SleepTimer.release.xcconfig */,
			);
			name = Pods;
			sourceTree = "<group>";
		};
		BFBF4DED20D35EEE009522C4 = {
			isa = PBXGroup;
			children = (
				BFBF4DF820D35EEE009522C4 /* SleepTimer */,
				BFBF4DF720D35EEE009522C4 /* Products */,
				2B36A23DFEAD3BED7965048C /* Pods */,
				185A6ACF86BD3F48A5E87B73 /* Frameworks */,
			);
			sourceTree = "<group>";
		};
		BFBF4DF720D35EEE009522C4 /* Products */ = {
			isa = PBXGroup;
			children = (
				BFBF4DF620D35EEE009522C4 /* SleepTimer.app */,
			);
			name = Products;
			sourceTree = "<group>";
		};
		BFBF4DF820D35EEE009522C4 /* SleepTimer */ = {
			isa = PBXGroup;
			children = (
				BFBF4DF920D35EEE009522C4 /* AppDelegate.swift */,
				BFBF4DFB20D35EEE009522C4 /* ViewController.swift */,
				BFBF4DFD20D35EEE009522C4 /* Main.storyboard */,
				BFBF4E0020D35EF0009522C4 /* Assets.xcassets */,
				BFBF4E0220D35EF0009522C4 /* LaunchScreen.storyboard */,
				BFBF4E0520D35EF0009522C4 /* Info.plist */,
			);
			path = SleepTimer;
			sourceTree = "<group>";
		};
/* End PBXGroup section */

/* Begin PBXNativeTarget section */
		BFBF4DF520D35EEE009522C4 /* SleepTimer */ = {
			isa = PBXNativeTarget;
			buildConfigurationList = BFBF4E0820D35EF0009522C4 /* Build configuration list for PBXNativeTarget "SleepTimer" */;
			buildPhases = (
				46B619AD387DEC2E1D829EA1 /* [CP] Check Pods Manifest.lock */,
				BFBF4DF220D35EEE009522C4 /* Sources */,
				BFBF4DF320D35EEE009522C4 /* Frameworks */,
				BFBF4DF420D35EEE009522C4 /* Resources */,
				5BD1C43598F9A99C59A571DB /* [CP] Embed Pods Frameworks */,
				0D618859B4EFA2418F3389F8 /* [CP] Copy Pods Resources */,
			);
			buildRules = (
			);
			dependencies = (
			);
			name = SleepTimer;
			productName = SleepTimer;
			productReference = BFBF4DF620D35EEE009522C4 /* SleepTimer.app */;
			productType = "com.apple.product-type.application";
		};
/* End PBXNativeTarget section */

/* Begin PBXProject section */
		BFBF4DEE20D35EEE009522C4 /* Project object */ = {
			isa = PBXProject;
			attributes = {
				LastSwiftUpdateCheck = 0940;
				LastUpgradeCheck = 0940;
				ORGANIZATIONNAME = "Nsonsa Kisala Jr.";
				TargetAttributes = {
					BFBF4DF520D35EEE009522C4 = {
						CreatedOnToolsVersion = 9.4;
					};
				};
			};
			buildConfigurationList = BFBF4DF120D35EEE009522C4 /* Build configuration list for PBXProject "SleepTimer" */;
			compatibilityVersion = "Xcode 9.3";
			developmentRegion = en;
			hasScannedForEncodings = 0;
			knownRegions = (
				en,
				Base,
			);
			mainGroup = BFBF4DED20D35EEE009522C4;
			productRefGroup = BFBF4DF720D35EEE009522C4 /* Products */;
			projectDirPath = "";
			projectRoot = "";
			targets = (
				BFBF4DF520D35EEE009522C4 /* SleepTimer */,
			);
		};
/* End PBXProject section */

/* Begin PBXResourcesBuildPhase section */
		BFBF4DF420D35EEE009522C4 /* Resources */ = {
			isa = PBXResourcesBuildPhase;
			buildActionMask = 2147483647;
			files = (
				BFBF4E0420D35EF0009522C4 /* LaunchScreen.storyboard in Resources */,
				BFBF4E0120D35EF0009522C4 /* Assets.xcassets in Resources */,
				BFBF4DFF20D35EEE009522C4 /* Main.storyboard in Resources */,
			);
			runOnlyForDeploymentPostprocessing = 0;
		};
/* End PBXResourcesBuildPhase section */

/* Begin PBXShellScriptBuildPhase section */
		0D618859B4EFA2418F3389F8 /* [CP] Copy Pods Resources */ = {
			isa = PBXShellScriptBuildPhase;
			buildActionMask = 2147483647;
			files = (
			);
			inputPaths = (
			);
			name = "[CP] Copy Pods Resources";
			outputPaths = (
			);
			runOnlyForDeploymentPostprocessing = 0;
			shellPath = /bin/sh;
			shellScript = "\"${SRCROOT}/Pods/Target Support Files/Pods-SleepTimer/Pods-SleepTimer-resources.sh\"\n";
			showEnvVarsInLog = 0;
		};
		46B619AD387DEC2E1D829EA1 /* [CP] Check Pods Manifest.lock */ = {
			isa = PBXShellScriptBuildPhase;
			buildActionMask = 2147483647;
			files = (
			);
			inputPaths = (
				"${PODS_PODFILE_DIR_PATH}/Podfile.lock",
				"${PODS_ROOT}/Manifest.lock",
			);
			name = "[CP] Check Pods Manifest.lock";
			outputPaths = (
				"$(DERIVED_FILE_DIR)/Pods-SleepTimer-checkManifestLockResult.txt",
			);
			runOnlyForDeploymentPostprocessing = 0;
			shellPath = /bin/sh;
			shellScript = "diff \"${PODS_PODFILE_DIR_PATH}/Podfile.lock\" \"${PODS_ROOT}/Manifest.lock\" > /dev/null\nif [ $? != 0 ] ; then\n    # print error to STDERR\n    echo \"error: The sandbox is not in sync with the Podfile.lock. Run 'pod install' or update your CocoaPods installation.\" >&2\n    exit 1\nfi\n# This output is used by Xcode 'outputs' to avoid re-running this script phase.\necho \"SUCCESS\" > \"${SCRIPT_OUTPUT_FILE_0}\"\n";
			showEnvVarsInLog = 0;
		};
		5BD1C43598F9A99C59A571DB /* [CP] Embed Pods Frameworks */ = {
			isa = PBXShellScriptBuildPhase;
			buildActionMask = 2147483647;
			files = (
			);
			inputPaths = (
				"${SRCROOT}/Pods/Target Support Files/Pods-SleepTimer/Pods-SleepTimer-frameworks.sh",
				"${BUILT_PRODUCTS_DIR}/AnalogClock/AnalogClock.framework",
			);
			name = "[CP] Embed Pods Frameworks";
			outputPaths = (
				"${TARGET_BUILD_DIR}/${FRAMEWORKS_FOLDER_PATH}/AnalogClock.framework",
			);
			runOnlyForDeploymentPostprocessing = 0;
			shellPath = /bin/sh;
			shellScript = "\"${SRCROOT}/Pods/Target Support Files/Pods-SleepTimer/Pods-SleepTimer-frameworks.sh\"\n";
			showEnvVarsInLog = 0;
		};
/* End PBXShellScriptBuildPhase section */

/* Begin PBXSourcesBuildPhase section */
		BFBF4DF220D35EEE009522C4 /* Sources */ = {
			isa = PBXSourcesBuildPhase;
			buildActionMask = 2147483647;
			files = (
				BFBF4DFC20D35EEE009522C4 /* ViewController.swift in Sources */,
				BFBF4DFA20D35EEE009522C4 /* AppDelegate.swift in Sources */,
			);
			runOnlyForDeploymentPostprocessing = 0;
		};
/* End PBXSourcesBuildPhase section */

/* Begin PBXVariantGroup section */
		BFBF4DFD20D35EEE009522C4 /* Main.storyboard */ = {
			isa = PBXVariantGroup;
			children = (
				BFBF4DFE20D35EEE009522C4 /* Base */,
			);
			name = Main.storyboard;
			sourceTree = "<group>";
		};
		BFBF4E0220D35EF0009522C4 /* LaunchScreen.storyboard */ = {
			isa = PBXVariantGroup;
			children = (
				BFBF4E0320D35EF0009522C4 /* Base */,
			);
			name = LaunchScreen.storyboard;
			sourceTree = "<group>";
		};
/* End PBXVariantGroup section */

/* Begin XCBuildConfiguration section */
		BFBF4E0620D35EF0009522C4 /* Debug */ = {
			isa = XCBuildConfiguration;
			buildSettings = {
				ALWAYS_SEARCH_USER_PATHS = NO;
				CLANG_ANALYZER_NONNULL = YES;
				CLANG_ANALYZER_NUMBER_OBJECT_CONVERSION = YES_AGGRESSIVE;
				CLANG_CXX_LANGUAGE_STANDARD = "gnu++14";
				CLANG_CXX_LIBRARY = "libc++";
				CLANG_ENABLE_MODULES = YES;
				CLANG_ENABLE_OBJC_ARC = YES;
				CLANG_ENABLE_OBJC_WEAK = YES;
				CLANG_WARN_BLOCK_CAPTURE_AUTORELEASING = YES;
				CLANG_WARN_BOOL_CONVERSION = YES;
				CLANG_WARN_COMMA = YES;
				CLANG_WARN_CONSTANT_CONVERSION = YES;
				CLANG_WARN_DEPRECATED_OBJC_IMPLEMENTATIONS = YES;
				CLANG_WARN_DIRECT_OBJC_ISA_USAGE = YES_ERROR;
				CLANG_WARN_DOCUMENTATION_COMMENTS = YES;
				CLANG_WARN_EMPTY_BODY = YES;
				CLANG_WARN_ENUM_CONVERSION = YES;
				CLANG_WARN_INFINITE_RECURSION = YES;
				CLANG_WARN_INT_CONVERSION = YES;
				CLANG_WARN_NON_LITERAL_NULL_CONVERSION = YES;
				CLANG_WARN_OBJC_IMPLICIT_RETAIN_SELF = YES;
				CLANG_WARN_OBJC_LITERAL_CONVERSION = YES;
				CLANG_WARN_OBJC_ROOT_CLASS = YES_ERROR;
				CLANG_WARN_RANGE_LOOP_ANALYSIS = YES;
				CLANG_WARN_STRICT_PROTOTYPES = YES;
				CLANG_WARN_SUSPICIOUS_MOVE = YES;
				CLANG_WARN_UNGUARDED_AVAILABILITY = YES_AGGRESSIVE;
				CLANG_WARN_UNREACHABLE_CODE = YES;
				CLANG_WARN__DUPLICATE_METHOD_MATCH = YES;
				CODE_SIGN_IDENTITY = "iPhone Developer";
				COPY_PHASE_STRIP = NO;
				DEBUG_INFORMATION_FORMAT = dwarf;
				ENABLE_STRICT_OBJC_MSGSEND = YES;
				ENABLE_TESTABILITY = YES;
				GCC_C_LANGUAGE_STANDARD = gnu11;
				GCC_DYNAMIC_NO_PIC = NO;
				GCC_NO_COMMON_BLOCKS = YES;
				GCC_OPTIMIZATION_LEVEL = 0;
				GCC_PREPROCESSOR_DEFINITIONS = (
					"DEBUG=1",
					"$(inherited)",
				);
				GCC_WARN_64_TO_32_BIT_CONVERSION = YES;
				GCC_WARN_ABOUT_RETURN_TYPE = YES_ERROR;
				GCC_WARN_UNDECLARED_SELECTOR = YES;
				GCC_WARN_UNINITIALIZED_AUTOS = YES_AGGRESSIVE;
				GCC_WARN_UNUSED_FUNCTION = YES;
				GCC_WARN_UNUSED_VARIABLE = YES;
				IPHONEOS_DEPLOYMENT_TARGET = 11.4;
				MTL_ENABLE_DEBUG_INFO = YES;
				ONLY_ACTIVE_ARCH = YES;
				SDKROOT = iphoneos;
				SWIFT_ACTIVE_COMPILATION_CONDITIONS = DEBUG;
				SWIFT_OPTIMIZATION_LEVEL = "-Onone";
			};
			name = Debug;
		};
		BFBF4E0720D35EF0009522C4 /* Release */ = {
			isa = XCBuildConfiguration;
			buildSettings = {
				ALWAYS_SEARCH_USER_PATHS = NO;
				CLANG_ANALYZER_NONNULL = YES;
				CLANG_ANALYZER_NUMBER_OBJECT_CONVERSION = YES_AGGRESSIVE;
				CLANG_CXX_LANGUAGE_STANDARD = "gnu++14";
				CLANG_CXX_LIBRARY = "libc++";
				CLANG_ENABLE_MODULES = YES;
				CLANG_ENABLE_OBJC_ARC = YES;
				CLANG_ENABLE_OBJC_WEAK = YES;
				CLANG_WARN_BLOCK_CAPTURE_AUTORELEASING = YES;
				CLANG_WARN_BOOL_CONVERSION = YES;
				CLANG_WARN_COMMA = YES;
				CLANG_WARN_CONSTANT_CONVERSION = YES;
				CLANG_WARN_DEPRECATED_OBJC_IMPLEMENTATIONS = YES;
				CLANG_WARN_DIRECT_OBJC_ISA_USAGE = YES_ERROR;
				CLANG_WARN_DOCUMENTATION_COMMENTS = YES;
				CLANG_WARN_EMPTY_BODY = YES;
				CLANG_WARN_ENUM_CONVERSION = YES;
				CLANG_WARN_INFINITE_RECURSION = YES;
				CLANG_WARN_INT_CONVERSION = YES;
				CLANG_WARN_NON_LITERAL_NULL_CONVERSION = YES;
				CLANG_WARN_OBJC_IMPLICIT_RETAIN_SELF = YES;
				CLANG_WARN_OBJC_LITERAL_CONVERSION = YES;
				CLANG_WARN_OBJC_ROOT_CLASS = YES_ERROR;
				CLANG_WARN_RANGE_LOOP_ANALYSIS = YES;
				CLANG_WARN_STRICT_PROTOTYPES = YES;
				CLANG_WARN_SUSPICIOUS_MOVE = YES;
				CLANG_WARN_UNGUARDED_AVAILABILITY = YES_AGGRESSIVE;
				CLANG_WARN_UNREACHABLE_CODE = YES;
				CLANG_WARN__DUPLICATE_METHOD_MATCH = YES;
				CODE_SIGN_IDENTITY = "iPhone Developer";
				COPY_PHASE_STRIP = NO;
				DEBUG_INFORMATION_FORMAT = "dwarf-with-dsym";
				ENABLE_NS_ASSERTIONS = NO;
				ENABLE_STRICT_OBJC_MSGSEND = YES;
				GCC_C_LANGUAGE_STANDARD = gnu11;
				GCC_NO_COMMON_BLOCKS = YES;
				GCC_WARN_64_TO_32_BIT_CONVERSION = YES;
				GCC_WARN_ABOUT_RETURN_TYPE = YES_ERROR;
				GCC_WARN_UNDECLARED_SELECTOR = YES;
				GCC_WARN_UNINITIALIZED_AUTOS = YES_AGGRESSIVE;
				GCC_WARN_UNUSED_FUNCTION = YES;
				GCC_WARN_UNUSED_VARIABLE = YES;
				IPHONEOS_DEPLOYMENT_TARGET = 11.4;
				MTL_ENABLE_DEBUG_INFO = NO;
				SDKROOT = iphoneos;
				SWIFT_COMPILATION_MODE = wholemodule;
				SWIFT_OPTIMIZATION_LEVEL = "-O";
				VALIDATE_PRODUCT = YES;
			};
			name = Release;
		};
		BFBF4E0920D35EF0009522C4 /* Debug */ = {
			isa = XCBuildConfiguration;
			baseConfigurationReference = FF60F0F597EF88D17D116DFB /* Pods-SleepTimer.debug.xcconfig */;
			buildSettings = {
				ASSETCATALOG_COMPILER_APPICON_NAME = AppIcon;
				CODE_SIGN_STYLE = Automatic;
				DEVELOPMENT_TEAM = PFEPFYUD7S;
				INFOPLIST_FILE = SleepTimer/Info.plist;
				LD_RUNPATH_SEARCH_PATHS = "$(inherited) @executable_path/Frameworks";
				PRODUCT_BUNDLE_IDENTIFIER = NsonsaKisala.SleepTimer;
				PRODUCT_NAME = "$(TARGET_NAME)";
				SWIFT_VERSION = 4.0;
				TARGETED_DEVICE_FAMILY = "1,2";
			};
			name = Debug;
		};
		BFBF4E0A20D35EF0009522C4 /* Release */ = {
			isa = XCBuildConfiguration;
			baseConfigurationReference = 1562429636D6C054510492BC /* Pods-SleepTimer.release.xcconfig */;
			buildSettings = {
				ASSETCATALOG_COMPILER_APPICON_NAME = AppIcon;
				CODE_SIGN_STYLE = Automatic;
				DEVELOPMENT_TEAM = PFEPFYUD7S;
				INFOPLIST_FILE = SleepTimer/Info.plist;
				LD_RUNPATH_SEARCH_PATHS = "$(inherited) @executable_path/Frameworks";
				PRODUCT_BUNDLE_IDENTIFIER = NsonsaKisala.SleepTimer;
				PRODUCT_NAME = "$(TARGET_NAME)";
				SWIFT_VERSION = 4.0;
				TARGETED_DEVICE_FAMILY = "1,2";
			};
			name = Release;
		};
/* End XCBuildConfiguration section */

/* Begin XCConfigurationList section */
		BFBF4DF120D35EEE009522C4 /* Build configuration list for PBXProject "SleepTimer" */ = {
			isa = XCConfigurationList;
			buildConfigurations = (
				BFBF4E0620D35EF0009522C4 /* Debug */,
				BFBF4E0720D35EF0009522C4 /* Release */,
			);
			defaultConfigurationIsVisible = 0;
			defaultConfigurationName = Release;
		};
		BFBF4E0820D35EF0009522C4 /* Build configuration list for PBXNativeTarget "SleepTimer" */ = {
			isa = XCConfigurationList;
			buildConfigurations = (
				BFBF4E0920D35EF0009522C4 /* Debug */,
				BFBF4E0A20D35EF0009522C4 /* Release */,
			);
			defaultConfigurationIsVisible = 0;
			defaultConfigurationName = Release;
		};
/* End XCConfigurationList section */
	};
	rootObject = BFBF4DEE20D35EEE009522C4 /* Project object */;
}
